
Microsoft Visual Studio Solution File, Format Version 12.00
# Visual Studio Version 17
VisualStudioVersion = 17.0.31919.166
MinimumVisualStudioVersion = 10.0.40219.1
Project("{9A19103F-16F7-4668-BE54-9A1E7A4F7556}") = "FIT_Api_Examples", "FIT_Api_Examples\FIT_Api_Examples.csproj", "{28EF11E8-B233-416A-9F32-C12FE65D3FD5}"
EndProject
Global
	GlobalSection(SolutionConfigurationPlatforms) = preSolution
		Debug|Any CPU = Debug|Any CPU
		Release|Any CPU = Release|Any CPU
	EndGlobalSection
	GlobalSection(ProjectConfigurationPlatforms) = postSolution
		{28EF11E8-B233-416A-9F32-C12FE65D3FD5}.Debug|Any CPU.ActiveCfg = Debug|Any CPU
		{28EF11E8-B233-416A-9F32-C12FE65D3FD5}.Debug|Any CPU.Build.0 = Debug|Any CPU
		{28EF11E8-B233-416A-9F32-C12FE65D3FD5}.Release|Any CPU.ActiveCfg = Release|Any CPU
		{28EF11E8-B233-416A-9F32-C12FE65D3FD5}.Release|Any CPU.Build.0 = Release|Any CPU
	EndGlobalSection
	GlobalSection(SolutionProperties) = preSolution
		HideSolutionNode = FALSE
	EndGlobalSection
	GlobalSection(ExtensibilityGlobals) = postSolution
		SolutionGuid = {41BDBDEE-F070-4390-8080-1369BB07BB12}
	EndGlobalSection
EndGlobal
